{
  "originHash" : "2dd552c12493221049a5ea37a3eacf4c682e7d47135c24ade88cafb78effa329",
  "pins" : [
    {
      "identity" : "adhan-swift",
      "kind" : "remoteSourceControl",
      "location" : "https://github.com/batoulapps/adhan-swift",
      "state" : {
        "revision" : "6dc8309951fdaa0cd124c52b9a8de7e0da1ff2ce",
        "version" : "1.4.0"
      }
    },
    {
      "identity" : "lottie-ios",
      "kind" : "remoteSourceControl",
      "location" : "https://GitHub.com/airbnb/lottie-ios",
      "state" : {
        "branch" : "master",
        "revision" : "fe4c6fe3a0aa66cdeb51d549623c82ca9704b9a5"
      }
    }
  ],
  "version" : 3
}
